Microsoft Visual Studio Solution File, Format Version 7.00
Project("{FAE04EC0-301F-11D3-BF4B-00C04F79EFBC}") = "Drive", "Drive.csproj", "{E60C6E24-FDB3-4F51-8EEC-2E20B0397FE0}"
EndProject
Global
	GlobalSection(SolutionConfiguration) = preSolution
		ConfigName.0 = Debug
		ConfigName.1 = Release
	EndGlobalSection
	GlobalSection(ProjectDependencies) = postSolution
	EndGlobalSection
	GlobalSection(ProjectConfiguration) = postSolution
		{E60C6E24-FDB3-4F51-8EEC-2E20B0397FE0}.Debug.ActiveCfg = Debug|.NET
		{E60C6E24-FDB3-4F51-8EEC-2E20B0397FE0}.Debug.Build.0 = Debug|.NET
		{E60C6E24-FDB3-4F51-8EEC-2E20B0397FE0}.Release.ActiveCfg = Release|.NET
		{E60C6E24-FDB3-4F51-8EEC-2E20B0397FE0}.Release.Build.0 = Release|.NET
	EndGlobalSection
	GlobalSection(ExtensibilityGlobals) = postSolution
	EndGlobalSection
	GlobalSection(ExtensibilityAddIns) = postSolution
	EndGlobalSection
EndGlobal
